
Microsoft Visual Studio Solution File, Format Version 12.00
# Visual Studio Version 16
VisualStudioVersion = 16.0.31613.86
MinimumVisualStudioVersion = 10.0.40219.1
Project("{9A19103F-16F7-4668-BE54-9A1E7A4F7556}") = "SSO", "SSO\SSO.csproj", "{7E9F7C3F-9035-4899-97DB-BBE1000DD1A3}"
EndProject
Project("{FAE04EC0-301F-11D3-BF4B-00C04F79EFBC}") = "ERAD", "ERAD\ERAD.csproj", "{66723811-3FFD-470F-89B1-8CAD4B7DD55D}"
EndProject
Project("{FAE04EC0-301F-11D3-BF4B-00C04F79EFBC}") = "Customs", "Customs\Customs.csproj", "{2F19F5C2-21EB-4F98-BF11-B79A4F2DD26D}"
EndProject
Project("{FAE04EC0-301F-11D3-BF4B-00C04F79EFBC}") = "ERADapi", "ERADapi\ERADapi.csproj", "{4F2AD26A-9BB3-4145-A52D-E97099027C83}"
EndProject
Global
	GlobalSection(SolutionConfigurationPlatforms) = preSolution
		Debug|Any CPU = Debug|Any CPU
		Release|Any CPU = Release|Any CPU
	EndGlobalSection
	GlobalSection(ProjectConfigurationPlatforms) = postSolution
		{7E9F7C3F-9035-4899-97DB-BBE1000DD1A3}.Debug|Any CPU.ActiveCfg = Debug|Any CPU
		{7E9F7C3F-9035-4899-97DB-BBE1000DD1A3}.Debug|Any CPU.Build.0 = Debug|Any CPU
		{7E9F7C3F-9035-4899-97DB-BBE1000DD1A3}.Release|Any CPU.ActiveCfg = Release|Any CPU
		{7E9F7C3F-9035-4899-97DB-BBE1000DD1A3}.Release|Any CPU.Build.0 = Release|Any CPU
		{66723811-3FFD-470F-89B1-8CAD4B7DD55D}.Debug|Any CPU.ActiveCfg = Debug|Any CPU
		{66723811-3FFD-470F-89B1-8CAD4B7DD55D}.Debug|Any CPU.Build.0 = Debug|Any CPU
		{66723811-3FFD-470F-89B1-8CAD4B7DD55D}.Release|Any CPU.ActiveCfg = Release|Any CPU
		{66723811-3FFD-470F-89B1-8CAD4B7DD55D}.Release|Any CPU.Build.0 = Release|Any CPU
		{2F19F5C2-21EB-4F98-BF11-B79A4F2DD26D}.Debug|Any CPU.ActiveCfg = Debug|Any CPU
		{2F19F5C2-21EB-4F98-BF11-B79A4F2DD26D}.Debug|Any CPU.Build.0 = Debug|Any CPU
		{2F19F5C2-21EB-4F98-BF11-B79A4F2DD26D}.Release|Any CPU.ActiveCfg = Release|Any CPU
		{2F19F5C2-21EB-4F98-BF11-B79A4F2DD26D}.Release|Any CPU.Build.0 = Release|Any CPU
		{4F2AD26A-9BB3-4145-A52D-E97099027C83}.Debug|Any CPU.ActiveCfg = Debug|Any CPU
		{4F2AD26A-9BB3-4145-A52D-E97099027C83}.Debug|Any CPU.Build.0 = Debug|Any CPU
		{4F2AD26A-9BB3-4145-A52D-E97099027C83}.Release|Any CPU.ActiveCfg = Release|Any CPU
		{4F2AD26A-9BB3-4145-A52D-E97099027C83}.Release|Any CPU.Build.0 = Release|Any CPU
	EndGlobalSection
	GlobalSection(SolutionProperties) = preSolution
		HideSolutionNode = FALSE
	EndGlobalSection
	GlobalSection(ExtensibilityGlobals) = postSolution
		SolutionGuid = {C7B85F2E-2DDA-4147-BBFD-19A613F0794C}
	EndGlobalSection
EndGlobal
